
Microsoft Visual Studio Solution File, Format Version 12.00
# Visual Studio Version 16
VisualStudioVersion = 16.0.30011.22
MinimumVisualStudioVersion = 15.0.26124.0
Project("{2150E333-8FDC-42A3-9474-1A3956D46DE8}") = "src", "src", "{A6ADD257-E3B3-43B0-8B1F-1BD22A730B6C}"
EndProject
Project("{9A19103F-16F7-4668-BE54-9A1E7A4F7556}") = "Blog.Core.Api", "src\Blog.Core.Api\Blog.Core.Api.csproj", "{63810EFC-BD12-41B9-A1EE-0387255D2AAD}"
EndProject
Project("{9A19103F-16F7-4668-BE54-9A1E7A4F7556}") = "Blog.Core.Model", "src\Blog.Core.Model\Blog.Core.Model.csproj", "{1EB2D9E2-EB9E-4961-918C-FA23A379E82E}"
EndProject
Project("{9A19103F-16F7-4668-BE54-9A1E7A4F7556}") = "Blog.Core.IRepository", "src\Blog.Core.IRepository\Blog.Core.IRepository.csproj", "{E1C03B7E-74F1-4E40-BB4B-CDDF235F56C9}"
EndProject
Project("{9A19103F-16F7-4668-BE54-9A1E7A4F7556}") = "Blog.Core.Repository", "src\Blog.Core.Repository\Blog.Core.Repository.csproj", "{D45A922D-1D75-4BBB-AD87-C4FCD342B82A}"
EndProject
Project("{9A19103F-16F7-4668-BE54-9A1E7A4F7556}") = "Blog.Core.Services", "src\Blog.Core.Services\Blog.Core.Services.csproj", "{BCEAE236-21E1-4E3F-82FF-D00F72DA0420}"
EndProject
Project("{9A19103F-16F7-4668-BE54-9A1E7A4F7556}") = "Blog.Core.IServices", "src\Blog.Core.IServices\Blog.Core.IServices.csproj", "{7508B28C-7DEE-4DAB-8B08-F587B7F03F55}"
EndProject
Project("{9A19103F-16F7-4668-BE54-9A1E7A4F7556}") = "Blog.Core.Common", "src\Blog.Core.Commom\Blog.Core.Common.csproj", "{CDC1CFF7-8B0B-474B-980F-26F6B01C1A7F}"
EndProject
Project("{FAE04EC0-301F-11D3-BF4B-00C04F79EFBC}") = "Blog.Core.Extensions", "src\Blog.Core.Extensions\Blog.Core.Extensions.csproj", "{D45DD18B-27B9-47E1-9E83-9AFB10412427}"
EndProject
Project("{2150E333-8FDC-42A3-9474-1A3956D46DE8}") = "test", "test", "{56040E8A-7D3C-49C8-B933-C280FF34EC0B}"
EndProject
Project("{FAE04EC0-301F-11D3-BF4B-00C04F79EFBC}") = "ConsoleApp01", "test\ConsoleApp01\ConsoleApp01.csproj", "{79D07E2E-573E-484A-8448-7550D1F4F99E}"
EndProject
Project("{FAE04EC0-301F-11D3-BF4B-00C04F79EFBC}") = "Blog.Core.StartupModules", "src\Blog.Core.StartupModules\Blog.Core.StartupModules.csproj", "{8666791B-1B40-4FAE-AA4A-AAFA641CC852}"
EndProject
Global
	GlobalSection(SolutionConfigurationPlatforms) = preSolution
		Debug|Any CPU = Debug|Any CPU
		Debug|x64 = Debug|x64
		Debug|x86 = Debug|x86
		Release|Any CPU = Release|Any CPU
		Release|x64 = Release|x64
		Release|x86 = Release|x86
	EndGlobalSection
	GlobalSection(ProjectConfigurationPlatforms) = postSolution
		{63810EFC-BD12-41B9-A1EE-0387255D2AAD}.Debug|Any CPU.ActiveCfg = Debug|Any CPU
		{63810EFC-BD12-41B9-A1EE-0387255D2AAD}.Debug|Any CPU.Build.0 = Debug|Any CPU
		{63810EFC-BD12-41B9-A1EE-0387255D2AAD}.Debug|x64.ActiveCfg = Debug|Any CPU
		{63810EFC-BD12-41B9-A1EE-0387255D2AAD}.Debug|x64.Build.0 = Debug|Any CPU
		{63810EFC-BD12-41B9-A1EE-0387255D2AAD}.Debug|x86.ActiveCfg = Debug|Any CPU
		{63810EFC-BD12-41B9-A1EE-0387255D2AAD}.Debug|x86.Build.0 = Debug|Any CPU
		{63810EFC-BD12-41B9-A1EE-0387255D2AAD}.Release|Any CPU.ActiveCfg = Release|Any CPU
		{63810EFC-BD12-41B9-A1EE-0387255D2AAD}.Release|Any CPU.Build.0 = Release|Any CPU
		{63810EFC-BD12-41B9-A1EE-0387255D2AAD}.Release|x64.ActiveCfg = Release|Any CPU
		{63810EFC-BD12-41B9-A1EE-0387255D2AAD}.Release|x64.Build.0 = Release|Any CPU
		{63810EFC-BD12-41B9-A1EE-0387255D2AAD}.Release|x86.ActiveCfg = Release|Any CPU
		{63810EFC-BD12-41B9-A1EE-0387255D2AAD}.Release|x86.Build.0 = Release|Any CPU
		{1EB2D9E2-EB9E-4961-918C-FA23A379E82E}.Debug|Any CPU.ActiveCfg = Debug|Any CPU
		{1EB2D9E2-EB9E-4961-918C-FA23A379E82E}.Debug|Any CPU.Build.0 = Debug|Any CPU
		{1EB2D9E2-EB9E-4961-918C-FA23A379E82E}.Debug|x64.ActiveCfg = Debug|Any CPU
		{1EB2D9E2-EB9E-4961-918C-FA23A379E82E}.Debug|x64.Build.0 = Debug|Any CPU
		{1EB2D9E2-EB9E-4961-918C-FA23A379E82E}.Debug|x86.ActiveCfg = Debug|Any CPU
		{1EB2D9E2-EB9E-4961-918C-FA23A379E82E}.Debug|x86.Build.0 = Debug|Any CPU
		{1EB2D9E2-EB9E-4961-918C-FA23A379E82E}.Release|Any CPU.ActiveCfg = Release|Any CPU
		{1EB2D9E2-EB9E-4961-918C-FA23A379E82E}.Release|Any CPU.Build.0 = Release|Any CPU
		{1EB2D9E2-EB9E-4961-918C-FA23A379E82E}.Release|x64.ActiveCfg = Release|Any CPU
		{1EB2D9E2-EB9E-4961-918C-FA23A379E82E}.Release|x64.Build.0 = Release|Any CPU
		{1EB2D9E2-EB9E-4961-918C-FA23A379E82E}.Release|x86.ActiveCfg = Release|Any CPU
		{1EB2D9E2-EB9E-4961-918C-FA23A379E82E}.Release|x86.Build.0 = Release|Any CPU
		{E1C03B7E-74F1-4E40-BB4B-CDDF235F56C9}.Debug|Any CPU.ActiveCfg = Debug|Any CPU
		{E1C03B7E-74F1-4E40-BB4B-CDDF235F56C9}.Debug|Any CPU.Build.0 = Debug|Any CPU
		{E1C03B7E-74F1-4E40-BB4B-CDDF235F56C9}.Debug|x64.ActiveCfg = Debug|Any CPU
		{E1C03B7E-74F1-4E40-BB4B-CDDF235F56C9}.Debug|x64.Build.0 = Debug|Any CPU
		{E1C03B7E-74F1-4E40-BB4B-CDDF235F56C9}.Debug|x86.ActiveCfg = Debug|Any CPU
		{E1C03B7E-74F1-4E40-BB4B-CDDF235F56C9}.Debug|x86.Build.0 = Debug|Any CPU
		{E1C03B7E-74F1-4E40-BB4B-CDDF235F56C9}.Release|Any CPU.ActiveCfg = Release|Any CPU
		{E1C03B7E-74F1-4E40-BB4B-CDDF235F56C9}.Release|Any CPU.Build.0 = Release|Any CPU
		{E1C03B7E-74F1-4E40-BB4B-CDDF235F56C9}.Release|x64.ActiveCfg = Release|Any CPU
		{E1C03B7E-74F1-4E40-BB4B-CDDF235F56C9}.Release|x64.Build.0 = Release|Any CPU
		{E1C03B7E-74F1-4E40-BB4B-CDDF235F56C9}.Release|x86.ActiveCfg = Release|Any CPU
		{E1C03B7E-74F1-4E40-BB4B-CDDF235F56C9}.Release|x86.Build.0 = Release|Any CPU
		{D45A922D-1D75-4BBB-AD87-C4FCD342B82A}.Debug|Any CPU.ActiveCfg = Debug|Any CPU
		{D45A922D-1D75-4BBB-AD87-C4FCD342B82A}.Debug|Any CPU.Build.0 = Debug|Any CPU
		{D45A922D-1D75-4BBB-AD87-C4FCD342B82A}.Debug|x64.ActiveCfg = Debug|Any CPU
		{D45A922D-1D75-4BBB-AD87-C4FCD342B82A}.Debug|x64.Build.0 = Debug|Any CPU
		{D45A922D-1D75-4BBB-AD87-C4FCD342B82A}.Debug|x86.ActiveCfg = Debug|Any CPU
		{D45A922D-1D75-4BBB-AD87-C4FCD342B82A}.Debug|x86.Build.0 = Debug|Any CPU
		{D45A922D-1D75-4BBB-AD87-C4FCD342B82A}.Release|Any CPU.ActiveCfg = Release|Any CPU
		{D45A922D-1D75-4BBB-AD87-C4FCD342B82A}.Release|Any CPU.Build.0 = Release|Any CPU
		{D45A922D-1D75-4BBB-AD87-C4FCD342B82A}.Release|x64.ActiveCfg = Release|Any CPU
		{D45A922D-1D75-4BBB-AD87-C4FCD342B82A}.Release|x64.Build.0 = Release|Any CPU
		{D45A922D-1D75-4BBB-AD87-C4FCD342B82A}.Release|x86.ActiveCfg = Release|Any CPU
		{D45A922D-1D75-4BBB-AD87-C4FCD342B82A}.Release|x86.Build.0 = Release|Any CPU
		{BCEAE236-21E1-4E3F-82FF-D00F72DA0420}.Debug|Any CPU.ActiveCfg = Debug|Any CPU
		{BCEAE236-21E1-4E3F-82FF-D00F72DA0420}.Debug|Any CPU.Build.0 = Debug|Any CPU
		{BCEAE236-21E1-4E3F-82FF-D00F72DA0420}.Debug|x64.ActiveCfg = Debug|Any CPU
		{BCEAE236-21E1-4E3F-82FF-D00F72DA0420}.Debug|x64.Build.0 = Debug|Any CPU
		{BCEAE236-21E1-4E3F-82FF-D00F72DA0420}.Debug|x86.ActiveCfg = Debug|Any CPU
		{BCEAE236-21E1-4E3F-82FF-D00F72DA0420}.Debug|x86.Build.0 = Debug|Any CPU
		{BCEAE236-21E1-4E3F-82FF-D00F72DA0420}.Release|Any CPU.ActiveCfg = Release|Any CPU
		{BCEAE236-21E1-4E3F-82FF-D00F72DA0420}.Release|Any CPU.Build.0 = Release|Any CPU
		{BCEAE236-21E1-4E3F-82FF-D00F72DA0420}.Release|x64.ActiveCfg = Release|Any CPU
		{BCEAE236-21E1-4E3F-82FF-D00F72DA0420}.Release|x64.Build.0 = Release|Any CPU
		{BCEAE236-21E1-4E3F-82FF-D00F72DA0420}.Release|x86.ActiveCfg = Release|Any CPU
		{BCEAE236-21E1-4E3F-82FF-D00F72DA0420}.Release|x86.Build.0 = Release|Any CPU
		{7508B28C-7DEE-4DAB-8B08-F587B7F03F55}.Debug|Any CPU.ActiveCfg = Debug|Any CPU
		{7508B28C-7DEE-4DAB-8B08-F587B7F03F55}.Debug|Any CPU.Build.0 = Debug|Any CPU
		{7508B28C-7DEE-4DAB-8B08-F587B7F03F55}.Debug|x64.ActiveCfg = Debug|Any CPU
		{7508B28C-7DEE-4DAB-8B08-F587B7F03F55}.Debug|x64.Build.0 = Debug|Any CPU
		{7508B28C-7DEE-4DAB-8B08-F587B7F03F55}.Debug|x86.ActiveCfg = Debug|Any CPU
		{7508B28C-7DEE-4DAB-8B08-F587B7F03F55}.Debug|x86.Build.0 = Debug|Any CPU
		{7508B28C-7DEE-4DAB-8B08-F587B7F03F55}.Release|Any CPU.ActiveCfg = Release|Any CPU
		{7508B28C-7DEE-4DAB-8B08-F587B7F03F55}.Release|Any CPU.Build.0 = Release|Any CPU
		{7508B28C-7DEE-4DAB-8B08-F587B7F03F55}.Release|x64.ActiveCfg = Release|Any CPU
		{7508B28C-7DEE-4DAB-8B08-F587B7F03F55}.Release|x64.Build.0 = Release|Any CPU
		{7508B28C-7DEE-4DAB-8B08-F587B7F03F55}.Release|x86.ActiveCfg = Release|Any CPU
		{7508B28C-7DEE-4DAB-8B08-F587B7F03F55}.Release|x86.Build.0 = Release|Any CPU
		{CDC1CFF7-8B0B-474B-980F-26F6B01C1A7F}.Debug|Any CPU.ActiveCfg = Debug|Any CPU
		{CDC1CFF7-8B0B-474B-980F-26F6B01C1A7F}.Debug|Any CPU.Build.0 = Debug|Any CPU
		{CDC1CFF7-8B0B-474B-980F-26F6B01C1A7F}.Debug|x64.ActiveCfg = Debug|Any CPU
		{CDC1CFF7-8B0B-474B-980F-26F6B01C1A7F}.Debug|x64.Build.0 = Debug|Any CPU
		{CDC1CFF7-8B0B-474B-980F-26F6B01C1A7F}.Debug|x86.ActiveCfg = Debug|Any CPU
		{CDC1CFF7-8B0B-474B-980F-26F6B01C1A7F}.Debug|x86.Build.0 = Debug|Any CPU
		{CDC1CFF7-8B0B-474B-980F-26F6B01C1A7F}.Release|Any CPU.ActiveCfg = Release|Any CPU
		{CDC1CFF7-8B0B-474B-980F-26F6B01C1A7F}.Release|Any CPU.Build.0 = Release|Any CPU
		{CDC1CFF7-8B0B-474B-980F-26F6B01C1A7F}.Release|x64.ActiveCfg = Release|Any CPU
		{CDC1CFF7-8B0B-474B-980F-26F6B01C1A7F}.Release|x64.Build.0 = Release|Any CPU
		{CDC1CFF7-8B0B-474B-980F-26F6B01C1A7F}.Release|x86.ActiveCfg = Release|Any CPU
		{CDC1CFF7-8B0B-474B-980F-26F6B01C1A7F}.Release|x86.Build.0 = Release|Any CPU
		{D45DD18B-27B9-47E1-9E83-9AFB10412427}.Debug|Any CPU.ActiveCfg = Debug|Any CPU
		{D45DD18B-27B9-47E1-9E83-9AFB10412427}.Debug|Any CPU.Build.0 = Debug|Any CPU
		{D45DD18B-27B9-47E1-9E83-9AFB10412427}.Debug|x64.ActiveCfg = Debug|Any CPU
		{D45DD18B-27B9-47E1-9E83-9AFB10412427}.Debug|x64.Build.0 = Debug|Any CPU
		{D45DD18B-27B9-47E1-9E83-9AFB10412427}.Debug|x86.ActiveCfg = Debug|Any CPU
		{D45DD18B-27B9-47E1-9E83-9AFB10412427}.Debug|x86.Build.0 = Debug|Any CPU
		{D45DD18B-27B9-47E1-9E83-9AFB10412427}.Release|Any CPU.ActiveCfg = Release|Any CPU
		{D45DD18B-27B9-47E1-9E83-9AFB10412427}.Release|Any CPU.Build.0 = Release|Any CPU
		{D45DD18B-27B9-47E1-9E83-9AFB10412427}.Release|x64.ActiveCfg = Release|Any CPU
		{D45DD18B-27B9-47E1-9E83-9AFB10412427}.Release|x64.Build.0 = Release|Any CPU
		{D45DD18B-27B9-47E1-9E83-9AFB10412427}.Release|x86.ActiveCfg = Release|Any CPU
		{D45DD18B-27B9-47E1-9E83-9AFB10412427}.Release|x86.Build.0 = Release|Any CPU
		{79D07E2E-573E-484A-8448-7550D1F4F99E}.Debug|Any CPU.ActiveCfg = Debug|Any CPU
		{79D07E2E-573E-484A-8448-7550D1F4F99E}.Debug|Any CPU.Build.0 = Debug|Any CPU
		{79D07E2E-573E-484A-8448-7550D1F4F99E}.Debug|x64.ActiveCfg = Debug|Any CPU
		{79D07E2E-573E-484A-8448-7550D1F4F99E}.Debug|x64.Build.0 = Debug|Any CPU
		{79D07E2E-573E-484A-8448-7550D1F4F99E}.Debug|x86.ActiveCfg = Debug|Any CPU
		{79D07E2E-573E-484A-8448-7550D1F4F99E}.Debug|x86.Build.0 = Debug|Any CPU
		{79D07E2E-573E-484A-8448-7550D1F4F99E}.Release|Any CPU.ActiveCfg = Release|Any CPU
		{79D07E2E-573E-484A-8448-7550D1F4F99E}.Release|Any CPU.Build.0 = Release|Any CPU
		{79D07E2E-573E-484A-8448-7550D1F4F99E}.Release|x64.ActiveCfg = Release|Any CPU
		{79D07E2E-573E-484A-8448-7550D1F4F99E}.Release|x64.Build.0 = Release|Any CPU
		{79D07E2E-573E-484A-8448-7550D1F4F99E}.Release|x86.ActiveCfg = Release|Any CPU
		{79D07E2E-573E-484A-8448-7550D1F4F99E}.Release|x86.Build.0 = Release|Any CPU
		{8666791B-1B40-4FAE-AA4A-AAFA641CC852}.Debug|Any CPU.ActiveCfg = Debug|Any CPU
		{8666791B-1B40-4FAE-AA4A-AAFA641CC852}.Debug|Any CPU.Build.0 = Debug|Any CPU
		{8666791B-1B40-4FAE-AA4A-AAFA641CC852}.Debug|x64.ActiveCfg = Debug|Any CPU
		{8666791B-1B40-4FAE-AA4A-AAFA641CC852}.Debug|x64.Build.0 = Debug|Any CPU
		{8666791B-1B40-4FAE-AA4A-AAFA641CC852}.Debug|x86.ActiveCfg = Debug|Any CPU
		{8666791B-1B40-4FAE-AA4A-AAFA641CC852}.Debug|x86.Build.0 = Debug|Any CPU
		{8666791B-1B40-4FAE-AA4A-AAFA641CC852}.Release|Any CPU.ActiveCfg = Release|Any CPU
		{8666791B-1B40-4FAE-AA4A-AAFA641CC852}.Release|Any CPU.Build.0 = Release|Any CPU
		{8666791B-1B40-4FAE-AA4A-AAFA641CC852}.Release|x64.ActiveCfg = Release|Any CPU
		{8666791B-1B40-4FAE-AA4A-AAFA641CC852}.Release|x64.Build.0 = Release|Any CPU
		{8666791B-1B40-4FAE-AA4A-AAFA641CC852}.Release|x86.ActiveCfg = Release|Any CPU
		{8666791B-1B40-4FAE-AA4A-AAFA641CC852}.Release|x86.Build.0 = Release|Any CPU
	EndGlobalSection
	GlobalSection(SolutionProperties) = preSolution
		HideSolutionNode = FALSE
	EndGlobalSection
	GlobalSection(NestedProjects) = preSolution
		{63810EFC-BD12-41B9-A1EE-0387255D2AAD} = {A6ADD257-E3B3-43B0-8B1F-1BD22A730B6C}
		{1EB2D9E2-EB9E-4961-918C-FA23A379E82E} = {A6ADD257-E3B3-43B0-8B1F-1BD22A730B6C}
		{E1C03B7E-74F1-4E40-BB4B-CDDF235F56C9} = {A6ADD257-E3B3-43B0-8B1F-1BD22A730B6C}
		{D45A922D-1D75-4BBB-AD87-C4FCD342B82A} = {A6ADD257-E3B3-43B0-8B1F-1BD22A730B6C}
		{BCEAE236-21E1-4E3F-82FF-D00F72DA0420} = {A6ADD257-E3B3-43B0-8B1F-1BD22A730B6C}
		{7508B28C-7DEE-4DAB-8B08-F587B7F03F55} = {A6ADD257-E3B3-43B0-8B1F-1BD22A730B6C}
		{CDC1CFF7-8B0B-474B-980F-26F6B01C1A7F} = {A6ADD257-E3B3-43B0-8B1F-1BD22A730B6C}
		{D45DD18B-27B9-47E1-9E83-9AFB10412427} = {A6ADD257-E3B3-43B0-8B1F-1BD22A730B6C}
		{79D07E2E-573E-484A-8448-7550D1F4F99E} = {56040E8A-7D3C-49C8-B933-C280FF34EC0B}
		{8666791B-1B40-4FAE-AA4A-AAFA641CC852} = {A6ADD257-E3B3-43B0-8B1F-1BD22A730B6C}
	EndGlobalSection
	GlobalSection(ExtensibilityGlobals) = postSolution
		SolutionGuid = {5195D77C-FA82-4D7F-8E5E-2ED5EA4F7F8C}
	EndGlobalSection
EndGlobal
